
Microsoft Visual Studio Solution File, Format Version 12.00
# Visual Studio Version 16
VisualStudioVersion = 16.0.29215.179
MinimumVisualStudioVersion = 10.0.40219.1
Project("{8BC9CEB8-8B4A-11D0-8D11-00A0C91BC942}") = "GPP_Framework", "GPP_Framework.vcxproj", "{054E514B-7CD7-4B45-BBE1-A02EB326BF23}"
EndProject
Global
	GlobalSection(SolutionConfigurationPlatforms) = preSolution
		Debug|x86 = Debug|x86
		Release|x86 = Release|x86
	EndGlobalSection
	GlobalSection(ProjectConfigurationPlatforms) = postSolution
		{054E514B-7CD7-4B45-BBE1-A02EB326BF23}.Debug|x86.ActiveCfg = Debug|Win32
		{054E514B-7CD7-4B45-BBE1-A02EB326BF23}.Debug|x86.Build.0 = Debug|Win32
		{054E514B-7CD7-4B45-BBE1-A02EB326BF23}.Release|x86.ActiveCfg = Release|Win32
		{054E514B-7CD7-4B45-BBE1-A02EB326BF23}.Release|x86.Build.0 = Release|Win32
	EndGlobalSection
	GlobalSection(SolutionProperties) = preSolution
		HideSolutionNode = FALSE
	EndGlobalSection
	GlobalSection(ExtensibilityGlobals) = postSolution
		SolutionGuid = {26186B6F-49AE-4C78-8EFD-8F75FEAFF892}
	EndGlobalSection
EndGlobal
